
Microsoft Visual Studio Solution File, Format Version 12.00
# Visual Studio Version 17
VisualStudioVersion = 17.14.36915.13 d17.14
MinimumVisualStudioVersion = 10.0.40219.1
Project("{FAE04EC0-301F-11D3-BF4B-00C04F79EFBC}") = "XISD6329 Website", "XISD6329 Website\XISD6329 Website.csproj", "{3BFB0842-079A-4A3A-9469-D3F22D8AA1FE}"
EndProject
Global
	GlobalSection(SolutionConfigurationPlatforms) = preSolution
		Debug|Any CPU = Debug|Any CPU
		Release|Any CPU = Release|Any CPU
	EndGlobalSection
	GlobalSection(ProjectConfigurationPlatforms) = postSolution
		{3BFB0842-079A-4A3A-9469-D3F22D8AA1FE}.Debug|Any CPU.ActiveCfg = Debug|Any CPU
		{3BFB0842-079A-4A3A-9469-D3F22D8AA1FE}.Debug|Any CPU.Build.0 = Debug|Any CPU
		{3BFB0842-079A-4A3A-9469-D3F22D8AA1FE}.Release|Any CPU.ActiveCfg = Release|Any CPU
		{3BFB0842-079A-4A3A-9469-D3F22D8AA1FE}.Release|Any CPU.Build.0 = Release|Any CPU
	EndGlobalSection
	GlobalSection(SolutionProperties) = preSolution
		HideSolutionNode = FALSE
	EndGlobalSection
	GlobalSection(ExtensibilityGlobals) = postSolution
		SolutionGuid = {B02A8CAB-ACFB-4726-850B-A2B0174D74BE}
	EndGlobalSection
EndGlobal
